
Microsoft Visual Studio Solution File, Format Version 12.00
# Visual Studio Version 17
VisualStudioVersion = 17.11.35327.3
MinimumVisualStudioVersion = 10.0.40219.1
Project("{FAE04EC0-301F-11D3-BF4B-00C04F79EFBC}") = "Server", "Server\Server.csproj", "{DD2CBABD-E699-433C-B2E9-0B9907EDEED7}"
EndProject
Project("{E53339B2-1760-4266-BCC7-CA923CBCF16C}") = "docker-compose", "docker-compose.dcproj", "{8287A72E-6517-4548-A3A3-42B54A798FF3}"
EndProject
Project("{FAE04EC0-301F-11D3-BF4B-00C04F79EFBC}") = "Server.Persistence", "Server.Persistence\Server.Persistence.csproj", "{9F04A323-CC3D-4DF8-83B3-DF06E1E4B30C}"
EndProject
Project("{FAE04EC0-301F-11D3-BF4B-00C04F79EFBC}") = "Server.Core", "Server.Core\Server.Core.csproj", "{42EE1196-5887-446A-B025-4EC3F8357927}"
EndProject
Global
	GlobalSection(SolutionConfigurationPlatforms) = preSolution
		Debug|Any CPU = Debug|Any CPU
		Release|Any CPU = Release|Any CPU
	EndGlobalSection
	GlobalSection(ProjectConfigurationPlatforms) = postSolution
		{DD2CBABD-E699-433C-B2E9-0B9907EDEED7}.Debug|Any CPU.ActiveCfg = Debug|Any CPU
		{DD2CBABD-E699-433C-B2E9-0B9907EDEED7}.Debug|Any CPU.Build.0 = Debug|Any CPU
		{DD2CBABD-E699-433C-B2E9-0B9907EDEED7}.Release|Any CPU.ActiveCfg = Release|Any CPU
		{DD2CBABD-E699-433C-B2E9-0B9907EDEED7}.Release|Any CPU.Build.0 = Release|Any CPU
		{8287A72E-6517-4548-A3A3-42B54A798FF3}.Debug|Any CPU.ActiveCfg = Debug|Any CPU
		{8287A72E-6517-4548-A3A3-42B54A798FF3}.Debug|Any CPU.Build.0 = Debug|Any CPU
		{8287A72E-6517-4548-A3A3-42B54A798FF3}.Release|Any CPU.ActiveCfg = Release|Any CPU
		{8287A72E-6517-4548-A3A3-42B54A798FF3}.Release|Any CPU.Build.0 = Release|Any CPU
		{9F04A323-CC3D-4DF8-83B3-DF06E1E4B30C}.Debug|Any CPU.ActiveCfg = Debug|Any CPU
		{9F04A323-CC3D-4DF8-83B3-DF06E1E4B30C}.Debug|Any CPU.Build.0 = Debug|Any CPU
		{9F04A323-CC3D-4DF8-83B3-DF06E1E4B30C}.Release|Any CPU.ActiveCfg = Release|Any CPU
		{9F04A323-CC3D-4DF8-83B3-DF06E1E4B30C}.Release|Any CPU.Build.0 = Release|Any CPU
		{42EE1196-5887-446A-B025-4EC3F8357927}.Debug|Any CPU.ActiveCfg = Debug|Any CPU
		{42EE1196-5887-446A-B025-4EC3F8357927}.Debug|Any CPU.Build.0 = Debug|Any CPU
		{42EE1196-5887-446A-B025-4EC3F8357927}.Release|Any CPU.ActiveCfg = Release|Any CPU
		{42EE1196-5887-446A-B025-4EC3F8357927}.Release|Any CPU.Build.0 = Release|Any CPU
	EndGlobalSection
	GlobalSection(SolutionProperties) = preSolution
		HideSolutionNode = FALSE
	EndGlobalSection
	GlobalSection(ExtensibilityGlobals) = postSolution
		SolutionGuid = {BE2E7C73-1427-485D-B8B4-3034011277DB}
	EndGlobalSection
EndGlobal
